
Microsoft Visual Studio Solution File, Format Version 12.00
# Visual Studio 2013
VisualStudioVersion = 12.0.31101.0
MinimumVisualStudioVersion = 10.0.40219.1
Project("{FAE04EC0-301F-11D3-BF4B-00C04F79EFBC}") = "ParentChild.Web", "ParentChild.Web\ParentChild.Web.csproj", "{15C130B4-7B20-4F0A-9B9D-AF1A5C9DC361}"
EndProject
Project("{FAE04EC0-301F-11D3-BF4B-00C04F79EFBC}") = "ParentChild.Model", "ParentChild.Model\ParentChild.Model.csproj", "{321A3285-C246-4C27-84EE-8462C8389223}"
EndProject
Project("{FAE04EC0-301F-11D3-BF4B-00C04F79EFBC}") = "ParentChild.DataLibrary", "ParentChild.DataLibrary\ParentChild.DataLibrary.csproj", "{DAFD59F3-1F33-4F19-B1B7-3A0A62BC1871}"
EndProject
Project("{2150E333-8FDC-42A3-9474-1A3956D46DE8}") = ".nuget", ".nuget", "{146C1D07-0003-44F7-9436-FE8AEF2A9EBC}"
	ProjectSection(SolutionItems) = preProject
		.nuget\NuGet.Config = .nuget\NuGet.Config
		.nuget\NuGet.exe = .nuget\NuGet.exe
		.nuget\NuGet.targets = .nuget\NuGet.targets
	EndProjectSection
EndProject
Global
	GlobalSection(SolutionConfigurationPlatforms) = preSolution
		Debug|Any CPU = Debug|Any CPU
		Release|Any CPU = Release|Any CPU
	EndGlobalSection
	GlobalSection(ProjectConfigurationPlatforms) = postSolution
		{15C130B4-7B20-4F0A-9B9D-AF1A5C9DC361}.Debug|Any CPU.ActiveCfg = Debug|Any CPU
		{15C130B4-7B20-4F0A-9B9D-AF1A5C9DC361}.Debug|Any CPU.Build.0 = Debug|Any CPU
		{15C130B4-7B20-4F0A-9B9D-AF1A5C9DC361}.Release|Any CPU.ActiveCfg = Release|Any CPU
		{15C130B4-7B20-4F0A-9B9D-AF1A5C9DC361}.Release|Any CPU.Build.0 = Release|Any CPU
		{321A3285-C246-4C27-84EE-8462C8389223}.Debug|Any CPU.ActiveCfg = Debug|Any CPU
		{321A3285-C246-4C27-84EE-8462C8389223}.Debug|Any CPU.Build.0 = Debug|Any CPU
		{321A3285-C246-4C27-84EE-8462C8389223}.Release|Any CPU.ActiveCfg = Release|Any CPU
		{321A3285-C246-4C27-84EE-8462C8389223}.Release|Any CPU.Build.0 = Release|Any CPU
		{DAFD59F3-1F33-4F19-B1B7-3A0A62BC1871}.Debug|Any CPU.ActiveCfg = Debug|Any CPU
		{DAFD59F3-1F33-4F19-B1B7-3A0A62BC1871}.Debug|Any CPU.Build.0 = Debug|Any CPU
		{DAFD59F3-1F33-4F19-B1B7-3A0A62BC1871}.Release|Any CPU.ActiveCfg = Release|Any CPU
		{DAFD59F3-1F33-4F19-B1B7-3A0A62BC1871}.Release|Any CPU.Build.0 = Release|Any CPU
	EndGlobalSection
	GlobalSection(SolutionProperties) = preSolution
		HideSolutionNode = FALSE
	EndGlobalSection
EndGlobal
